
Microsoft Visual Studio Solution File, Format Version 12.00
# Visual Studio Version 17
VisualStudioVersion = 17.11.35312.102
MinimumVisualStudioVersion = 10.0.40219.1
Project("{F184B08F-C81C-45F6-A57F-5ABD9991F28F}") = "FactorialCalculator", "FactorialCalculator.vbproj", "{E2614A9A-E918-4433-BDDB-27E71A030F9B}"
EndProject
Global
	GlobalSection(SolutionConfigurationPlatforms) = preSolution
		Debug|Any CPU = Debug|Any CPU
		Release|Any CPU = Release|Any CPU
	EndGlobalSection
	GlobalSection(ProjectConfigurationPlatforms) = postSolution
		{E2614A9A-E918-4433-BDDB-27E71A030F9B}.Debug|Any CPU.ActiveCfg = Debug|Any CPU
		{E2614A9A-E918-4433-BDDB-27E71A030F9B}.Debug|Any CPU.Build.0 = Debug|Any CPU
		{E2614A9A-E918-4433-BDDB-27E71A030F9B}.Release|Any CPU.ActiveCfg = Release|Any CPU
		{E2614A9A-E918-4433-BDDB-27E71A030F9B}.Release|Any CPU.Build.0 = Release|Any CPU
	EndGlobalSection
	GlobalSection(SolutionProperties) = preSolution
		HideSolutionNode = FALSE
	EndGlobalSection
	GlobalSection(ExtensibilityGlobals) = postSolution
		SolutionGuid = {0CDEEC58-AAF8-479E-BA5F-20FBBABBBD72}
	EndGlobalSection
EndGlobal
